
Microsoft Visual Studio Solution File, Format Version 12.00
Project("{FAE04EC0-301F-11D3-BF4B-00C04F79EFBC}") = "Csc322", "Csc322\Csc322.csproj", "{BA3BFDC9-3492-4449-84A6-3AD1318F6CDD}"
EndProject
Project("{FAE04EC0-301F-11D3-BF4B-00C04F79EFBC}") = "Csc322.Tests", "Csc322.Tests\Csc322.Tests.csproj", "{0D9D5DCF-C45C-44AB-9E22-8BD27F32F146}"
EndProject
Project("{FAE04EC0-301F-11D3-BF4B-00C04F79EFBC}") = "BankingApplication", "BankingApplication\BankingApplication.csproj", "{61114656-A562-47B5-AB9D-4AD844BCCC27}"
EndProject
Project("{FAE04EC0-301F-11D3-BF4B-00C04F79EFBC}") = "BankingApplication.Tests", "BankingApplication.Tests\BankingApplication.Tests.csproj", "{A34DEE80-56E7-4C1D-8232-237091CB2E11}"
EndProject
Global
	GlobalSection(SolutionConfigurationPlatforms) = preSolution
		Debug|Any CPU = Debug|Any CPU
		Debug|x64 = Debug|x64
		Debug|x86 = Debug|x86
		Release|Any CPU = Release|Any CPU
		Release|x64 = Release|x64
		Release|x86 = Release|x86
	EndGlobalSection
	GlobalSection(ProjectConfigurationPlatforms) = postSolution
		{BA3BFDC9-3492-4449-84A6-3AD1318F6CDD}.Debug|Any CPU.ActiveCfg = Debug|Any CPU
		{BA3BFDC9-3492-4449-84A6-3AD1318F6CDD}.Debug|Any CPU.Build.0 = Debug|Any CPU
		{BA3BFDC9-3492-4449-84A6-3AD1318F6CDD}.Debug|x64.ActiveCfg = Debug|Any CPU
		{BA3BFDC9-3492-4449-84A6-3AD1318F6CDD}.Debug|x64.Build.0 = Debug|Any CPU
		{BA3BFDC9-3492-4449-84A6-3AD1318F6CDD}.Debug|x86.ActiveCfg = Debug|Any CPU
		{BA3BFDC9-3492-4449-84A6-3AD1318F6CDD}.Debug|x86.Build.0 = Debug|Any CPU
		{BA3BFDC9-3492-4449-84A6-3AD1318F6CDD}.Release|Any CPU.ActiveCfg = Release|Any CPU
		{BA3BFDC9-3492-4449-84A6-3AD1318F6CDD}.Release|Any CPU.Build.0 = Release|Any CPU
		{BA3BFDC9-3492-4449-84A6-3AD1318F6CDD}.Release|x64.ActiveCfg = Release|Any CPU
		{BA3BFDC9-3492-4449-84A6-3AD1318F6CDD}.Release|x64.Build.0 = Release|Any CPU
		{BA3BFDC9-3492-4449-84A6-3AD1318F6CDD}.Release|x86.ActiveCfg = Release|Any CPU
		{BA3BFDC9-3492-4449-84A6-3AD1318F6CDD}.Release|x86.Build.0 = Release|Any CPU
		{0D9D5DCF-C45C-44AB-9E22-8BD27F32F146}.Debug|Any CPU.ActiveCfg = Debug|Any CPU
		{0D9D5DCF-C45C-44AB-9E22-8BD27F32F146}.Debug|Any CPU.Build.0 = Debug|Any CPU
		{0D9D5DCF-C45C-44AB-9E22-8BD27F32F146}.Debug|x64.ActiveCfg = Debug|Any CPU
		{0D9D5DCF-C45C-44AB-9E22-8BD27F32F146}.Debug|x64.Build.0 = Debug|Any CPU
		{0D9D5DCF-C45C-44AB-9E22-8BD27F32F146}.Debug|x86.ActiveCfg = Debug|Any CPU
		{0D9D5DCF-C45C-44AB-9E22-8BD27F32F146}.Debug|x86.Build.0 = Debug|Any CPU
		{0D9D5DCF-C45C-44AB-9E22-8BD27F32F146}.Release|Any CPU.ActiveCfg = Release|Any CPU
		{0D9D5DCF-C45C-44AB-9E22-8BD27F32F146}.Release|Any CPU.Build.0 = Release|Any CPU
		{0D9D5DCF-C45C-44AB-9E22-8BD27F32F146}.Release|x64.ActiveCfg = Release|Any CPU
		{0D9D5DCF-C45C-44AB-9E22-8BD27F32F146}.Release|x64.Build.0 = Release|Any CPU
		{0D9D5DCF-C45C-44AB-9E22-8BD27F32F146}.Release|x86.ActiveCfg = Release|Any CPU
		{0D9D5DCF-C45C-44AB-9E22-8BD27F32F146}.Release|x86.Build.0 = Release|Any CPU
		{61114656-A562-47B5-AB9D-4AD844BCCC27}.Debug|Any CPU.ActiveCfg = Debug|Any CPU
		{61114656-A562-47B5-AB9D-4AD844BCCC27}.Debug|Any CPU.Build.0 = Debug|Any CPU
		{61114656-A562-47B5-AB9D-4AD844BCCC27}.Debug|x64.ActiveCfg = Debug|Any CPU
		{61114656-A562-47B5-AB9D-4AD844BCCC27}.Debug|x64.Build.0 = Debug|Any CPU
		{61114656-A562-47B5-AB9D-4AD844BCCC27}.Debug|x86.ActiveCfg = Debug|Any CPU
		{61114656-A562-47B5-AB9D-4AD844BCCC27}.Debug|x86.Build.0 = Debug|Any CPU
		{61114656-A562-47B5-AB9D-4AD844BCCC27}.Release|Any CPU.ActiveCfg = Release|Any CPU
		{61114656-A562-47B5-AB9D-4AD844BCCC27}.Release|Any CPU.Build.0 = Release|Any CPU
		{61114656-A562-47B5-AB9D-4AD844BCCC27}.Release|x64.ActiveCfg = Release|Any CPU
		{61114656-A562-47B5-AB9D-4AD844BCCC27}.Release|x64.Build.0 = Release|Any CPU
		{61114656-A562-47B5-AB9D-4AD844BCCC27}.Release|x86.ActiveCfg = Release|Any CPU
		{61114656-A562-47B5-AB9D-4AD844BCCC27}.Release|x86.Build.0 = Release|Any CPU
		{A34DEE80-56E7-4C1D-8232-237091CB2E11}.Debug|Any CPU.ActiveCfg = Debug|Any CPU
		{A34DEE80-56E7-4C1D-8232-237091CB2E11}.Debug|Any CPU.Build.0 = Debug|Any CPU
		{A34DEE80-56E7-4C1D-8232-237091CB2E11}.Debug|x64.ActiveCfg = Debug|Any CPU
		{A34DEE80-56E7-4C1D-8232-237091CB2E11}.Debug|x64.Build.0 = Debug|Any CPU
		{A34DEE80-56E7-4C1D-8232-237091CB2E11}.Debug|x86.ActiveCfg = Debug|Any CPU
		{A34DEE80-56E7-4C1D-8232-237091CB2E11}.Debug|x86.Build.0 = Debug|Any CPU
		{A34DEE80-56E7-4C1D-8232-237091CB2E11}.Release|Any CPU.ActiveCfg = Release|Any CPU
		{A34DEE80-56E7-4C1D-8232-237091CB2E11}.Release|Any CPU.Build.0 = Release|Any CPU
		{A34DEE80-56E7-4C1D-8232-237091CB2E11}.Release|x64.ActiveCfg = Release|Any CPU
		{A34DEE80-56E7-4C1D-8232-237091CB2E11}.Release|x64.Build.0 = Release|Any CPU
		{A34DEE80-56E7-4C1D-8232-237091CB2E11}.Release|x86.ActiveCfg = Release|Any CPU
		{A34DEE80-56E7-4C1D-8232-237091CB2E11}.Release|x86.Build.0 = Release|Any CPU
	EndGlobalSection
	GlobalSection(SolutionProperties) = preSolution
		HideSolutionNode = FALSE
	EndGlobalSection
EndGlobal
